github.com/cpuguy83/go-md2man/v2 v2.0.4 h1:wfIWP927BUkWJb2NmU/kNDYIBTh/ziUX91+lVfRxZq4=
github.com/cpuguy83/go-md2man/v2 v2.0.4/go.mod h1:tgQtvFlXSQOSOSIRvRPT7W67SCa46tRHOmNcaadrF8o=
github.com/dustin/go-humanize v1.0.1 h1:GzkhY7T5VNhEkwH0PVJgjz+fX1rhBrR7pRT3mDkpeCY=
github.com/dustin/go-humanize v1.0.1/go.mod h1:Mu1zIs6XwVuF/gI1OepvI0qD18qycQx+mFykh5fBlto=
github.com/go-ole/go-ole v1.2.6 h1:/Fpf6oFPoeFik9ty7siob0G6Ke8QvQEuVcuChpwXzpY=
github.com/go-ole/go-ole v1.2.6/go.mod h1:pprOEPIfldk/42T2oK7lQ4v4JSDwmV0As9GaiUsvbm0=
github.com/russross/blackfriday/v2 v2.1.0 h1:JIOH55/0cWyOuilr9/qlrm0BSXldqnqwMsf35Ld67mk=
github.com/russross/blackfriday/v2 v2.1.0/go.mod h1:+Rmxgy9KzJVeS9/2gXHxylqXiyQDYRxCVz55jmeOWTM=
github.com/shirou/gopsutil v2.21.11+incompatible h1:lOGOyCG67a5dv2hq5Z1BLDUqqKp3HkbjPcz5j6XMS0U=
github.com/shirou/gopsutil v2.21.11+incompatible/go.mod h1:5b4v6he4MtMOwMlS0TUMTu2PcXUg8+E1lC7eC3UO/RA=
github.com/urfave/cli/v2 v2.27.4 h1:o1owoI+02Eb+K107p27wEX9Bb8eqIoZCfLXloLUSWJ8=
github.com/urfave/cli/v2 v2.27.4/go.mod h1:m4QzxcD2qpra4z7WhzEGn74WZLViBnMpb1ToCAKdGRQ=
github.com/xrash/smetrics v0.0.0-20240521201337-686a1a2994c1 h1:gEOO8jv9F4OT7lGCjxCBTO/36wtF6j2nSip77qHd4x4=
github.com/xrash/smetrics v0.0.0-20240521201337-686a1a2994c1/go.mod h1:Ohn+xnUBiLI6FVj/9LpzZWtj1/D6lUovWYBkxHVV3aM=
github.com/yusufpapurcu/wmi v1.2.4 h1:zFUKzehAFReQwLys1b/iSMl+JQGSCSjtVqQn9bBrPo0=
github.com/yusufpapurcu/wmi v1.2.4/go.mod h1:SBZ9tNy3G9/m5Oi98Zks0QjeHVDvuK0qfxQmPyzfmi0=
golang.org/x/sys v0.0.0-20190916202348-b4ddaad3f8a3/go.mod h1:h1NjWce9XRLGQEsW7wpKNCjG9DtNlClVuFLEZdDNbEs=
golang.org/x/sys v0.24.0 h1:Twjiwq9dn6R1fQcyiK+wQyHWfaz/BJB+YIpzU/Cv3Xg=
golang.org/x/sys v0.24.0/go.mod h1:/VUhepiaJMQUp4+oa/7Zr1D23ma6VTLIYjOOTFZPUcA=
